
Microsoft Visual Studio Solution File, Format Version 12.00
Project("{FAE04EC0-301F-11D3-BF4B-00C04F79EFBC}") = "Planning_and_Booking_System", "Planning_and_Booking_System.csproj", "{72793F9E-7607-4918-B80F-3315673333B7}"
EndProject
Global
	GlobalSection(SolutionConfigurationPlatforms) = preSolution
		Debug|Any CPU = Debug|Any CPU
		Release|Any CPU = Release|Any CPU
	EndGlobalSection
	GlobalSection(ProjectConfigurationPlatforms) = postSolution
		{72793F9E-7607-4918-B80F-3315673333B7}.Debug|Any CPU.ActiveCfg = Debug|Any CPU
		{72793F9E-7607-4918-B80F-3315673333B7}.Debug|Any CPU.Build.0 = Debug|Any CPU
		{72793F9E-7607-4918-B80F-3315673333B7}.Release|Any CPU.ActiveCfg = Release|Any CPU
		{72793F9E-7607-4918-B80F-3315673333B7}.Release|Any CPU.Build.0 = Release|Any CPU
	EndGlobalSection
EndGlobal
